
Microsoft Visual Studio Solution File, Format Version 12.00
# Visual Studio Version 17
VisualStudioVersion = 17.8.34511.84
MinimumVisualStudioVersion = 10.0.40219.1
Project("{9A19103F-16F7-4668-BE54-9A1E7A4F7556}") = "PasswordManager", "PasswordManager.csproj", "{DFBCCA2E-6551-420B-83C9-325246FF2588}"
EndProject
Project("{9A19103F-16F7-4668-BE54-9A1E7A4F7556}") = "PasswordManager.Domain", "..\PasswordManager.Domain\PasswordManager.Domain.csproj", "{5F6EA9DA-0E51-4056-8487-B43AD29F680A}"
EndProject
Project("{FAE04EC0-301F-11D3-BF4B-00C04F79EFBC}") = "PasswordManager.Data", "..\PasswordManager.Data\PasswordManager.Data.csproj", "{29B99C3C-699B-40B0-85D6-D2DFC80EA11E}"
EndProject
Global
	GlobalSection(SolutionConfigurationPlatforms) = preSolution
		Debug|Any CPU = Debug|Any CPU
		Release|Any CPU = Release|Any CPU
	EndGlobalSection
	GlobalSection(ProjectConfigurationPlatforms) = postSolution
		{DFBCCA2E-6551-420B-83C9-325246FF2588}.Debug|Any CPU.ActiveCfg = Debug|Any CPU
		{DFBCCA2E-6551-420B-83C9-325246FF2588}.Debug|Any CPU.Build.0 = Debug|Any CPU
		{DFBCCA2E-6551-420B-83C9-325246FF2588}.Release|Any CPU.ActiveCfg = Release|Any CPU
		{DFBCCA2E-6551-420B-83C9-325246FF2588}.Release|Any CPU.Build.0 = Release|Any CPU
		{5F6EA9DA-0E51-4056-8487-B43AD29F680A}.Debug|Any CPU.ActiveCfg = Debug|Any CPU
		{5F6EA9DA-0E51-4056-8487-B43AD29F680A}.Debug|Any CPU.Build.0 = Debug|Any CPU
		{5F6EA9DA-0E51-4056-8487-B43AD29F680A}.Release|Any CPU.ActiveCfg = Release|Any CPU
		{5F6EA9DA-0E51-4056-8487-B43AD29F680A}.Release|Any CPU.Build.0 = Release|Any CPU
		{29B99C3C-699B-40B0-85D6-D2DFC80EA11E}.Debug|Any CPU.ActiveCfg = Debug|Any CPU
		{29B99C3C-699B-40B0-85D6-D2DFC80EA11E}.Debug|Any CPU.Build.0 = Debug|Any CPU
		{29B99C3C-699B-40B0-85D6-D2DFC80EA11E}.Release|Any CPU.ActiveCfg = Release|Any CPU
		{29B99C3C-699B-40B0-85D6-D2DFC80EA11E}.Release|Any CPU.Build.0 = Release|Any CPU
	EndGlobalSection
	GlobalSection(SolutionProperties) = preSolution
		HideSolutionNode = FALSE
	EndGlobalSection
	GlobalSection(ExtensibilityGlobals) = postSolution
		SolutionGuid = {6573121D-58C2-4242-A827-D2DABCFE44CF}
	EndGlobalSection
EndGlobal
